
Microsoft Visual Studio Solution File, Format Version 12.00
# Visual Studio Version 16
VisualStudioVersion = 16.0.31911.196
MinimumVisualStudioVersion = 10.0.40219.1
Project("{8BC9CEB8-8B4A-11D0-8D11-00A0C91BC942}") = "Malá Násobilka git", "Malá Násobilka git.vcxproj", "{D8B83597-84E1-43FA-9A82-2982D41AC5F1}"
EndProject
Global
	GlobalSection(SolutionConfigurationPlatforms) = preSolution
		Debug|x64 = Debug|x64
		Debug|x86 = Debug|x86
		Release|x64 = Release|x64
		Release|x86 = Release|x86
	EndGlobalSection
	GlobalSection(ProjectConfigurationPlatforms) = postSolution
		{D8B83597-84E1-43FA-9A82-2982D41AC5F1}.Debug|x64.ActiveCfg = Debug|x64
		{D8B83597-84E1-43FA-9A82-2982D41AC5F1}.Debug|x64.Build.0 = Debug|x64
		{D8B83597-84E1-43FA-9A82-2982D41AC5F1}.Debug|x86.ActiveCfg = Debug|Win32
		{D8B83597-84E1-43FA-9A82-2982D41AC5F1}.Debug|x86.Build.0 = Debug|Win32
		{D8B83597-84E1-43FA-9A82-2982D41AC5F1}.Release|x64.ActiveCfg = Release|x64
		{D8B83597-84E1-43FA-9A82-2982D41AC5F1}.Release|x64.Build.0 = Release|x64
		{D8B83597-84E1-43FA-9A82-2982D41AC5F1}.Release|x86.ActiveCfg = Release|Win32
		{D8B83597-84E1-43FA-9A82-2982D41AC5F1}.Release|x86.Build.0 = Release|Win32
	EndGlobalSection
	GlobalSection(SolutionProperties) = preSolution
		HideSolutionNode = FALSE
	EndGlobalSection
	GlobalSection(ExtensibilityGlobals) = postSolution
		SolutionGuid = {3809D3AF-603A-4C54-B5E2-032455A52473}
	EndGlobalSection
EndGlobal
